
Microsoft Visual Studio Solution File, Format Version 12.00
# Visual Studio Version 17
VisualStudioVersion = 17.4.33213.308
MinimumVisualStudioVersion = 10.0.40219.1
Project("{FAE04EC0-301F-11D3-BF4B-00C04F79EFBC}") = "Shulgina pr419k", "Shulgina pr419k\Shulgina pr419k.csproj", "{AABDD3C3-E35F-4E79-A754-538A3AEA3560}"
EndProject
Global
	GlobalSection(SolutionConfigurationPlatforms) = preSolution
		Debug|Any CPU = Debug|Any CPU
		Release|Any CPU = Release|Any CPU
	EndGlobalSection
	GlobalSection(ProjectConfigurationPlatforms) = postSolution
		{AABDD3C3-E35F-4E79-A754-538A3AEA3560}.Debug|Any CPU.ActiveCfg = Debug|Any CPU
		{AABDD3C3-E35F-4E79-A754-538A3AEA3560}.Debug|Any CPU.Build.0 = Debug|Any CPU
		{AABDD3C3-E35F-4E79-A754-538A3AEA3560}.Release|Any CPU.ActiveCfg = Release|Any CPU
		{AABDD3C3-E35F-4E79-A754-538A3AEA3560}.Release|Any CPU.Build.0 = Release|Any CPU
	EndGlobalSection
	GlobalSection(SolutionProperties) = preSolution
		HideSolutionNode = FALSE
	EndGlobalSection
	GlobalSection(ExtensibilityGlobals) = postSolution
		SolutionGuid = {B504780E-72E2-4CDC-B1F2-7C9AA8A4C9F1}
	EndGlobalSection
EndGlobal
